
Microsoft Visual Studio Solution File, Format Version 12.00
# Visual Studio 15
Project("{FAE04EC0-301F-11D3-BF4B-00C04F79EFBC}") = "Assembly-CSharp", "Assembly-CSharp.csproj", "{8BB38302-2864-779F-57CC-F1767A9D3CFE}"
EndProject
Project("{FAE04EC0-301F-11D3-BF4B-00C04F79EFBC}") = "Assembly-CSharp-Editor", "Assembly-CSharp-Editor.csproj", "{6312D9B3-D9E0-AE47-C873-EE0EB0E311F3}"
EndProject
Global
	GlobalSection(SolutionConfigurationPlatforms) = preSolution
		Debug|Any CPU = Debug|Any CPU
		Release|Any CPU = Release|Any CPU
	EndGlobalSection
	GlobalSection(ProjectConfigurationPlatforms) = postSolution
		{8BB38302-2864-779F-57CC-F1767A9D3CFE}.Debug|Any CPU.ActiveCfg = Debug|Any CPU
		{8BB38302-2864-779F-57CC-F1767A9D3CFE}.Debug|Any CPU.Build.0 = Debug|Any CPU
		{8BB38302-2864-779F-57CC-F1767A9D3CFE}.Release|Any CPU.ActiveCfg = Release|Any CPU
		{8BB38302-2864-779F-57CC-F1767A9D3CFE}.Release|Any CPU.Build.0 = Release|Any CPU
		{6312D9B3-D9E0-AE47-C873-EE0EB0E311F3}.Debug|Any CPU.ActiveCfg = Debug|Any CPU
		{6312D9B3-D9E0-AE47-C873-EE0EB0E311F3}.Debug|Any CPU.Build.0 = Debug|Any CPU
		{6312D9B3-D9E0-AE47-C873-EE0EB0E311F3}.Release|Any CPU.ActiveCfg = Release|Any CPU
		{6312D9B3-D9E0-AE47-C873-EE0EB0E311F3}.Release|Any CPU.Build.0 = Release|Any CPU
	EndGlobalSection
	GlobalSection(SolutionProperties) = preSolution
		HideSolutionNode = FALSE
	EndGlobalSection
EndGlobal
